
Microsoft Visual Studio Solution File, Format Version 12.00
# Visual Studio Version 17
VisualStudioVersion = 17.7.34031.279
MinimumVisualStudioVersion = 10.0.40219.1
Project("{FAE04EC0-301F-11D3-BF4B-00C04F79EFBC}") = "TimeCraft-Console-App", "TimeCraft-Console-App\TimeCraft-Console-App.csproj", "{B3DA8936-CB32-4CC2-A5C3-12E73C316039}"
EndProject
Global
	GlobalSection(SolutionConfigurationPlatforms) = preSolution
		Debug|Any CPU = Debug|Any CPU
		Release|Any CPU = Release|Any CPU
	EndGlobalSection
	GlobalSection(ProjectConfigurationPlatforms) = postSolution
		{B3DA8936-CB32-4CC2-A5C3-12E73C316039}.Debug|Any CPU.ActiveCfg = Debug|Any CPU
		{B3DA8936-CB32-4CC2-A5C3-12E73C316039}.Debug|Any CPU.Build.0 = Debug|Any CPU
		{B3DA8936-CB32-4CC2-A5C3-12E73C316039}.Release|Any CPU.ActiveCfg = Release|Any CPU
		{B3DA8936-CB32-4CC2-A5C3-12E73C316039}.Release|Any CPU.Build.0 = Release|Any CPU
	EndGlobalSection
	GlobalSection(SolutionProperties) = preSolution
		HideSolutionNode = FALSE
	EndGlobalSection
	GlobalSection(ExtensibilityGlobals) = postSolution
		SolutionGuid = {3C9B90E8-4109-4504-A116-C9E87A4AB7AF}
	EndGlobalSection
EndGlobal
